name: Apply hash-lock workflow migration

on:
  push:
    branches: [supply-chain/hash-locked-ci]
    paths: [.github/workflows/patch-hash-lock.yml]

permissions:
  contents: write

concurrency:
  group: patch-hash-lock-${{ github.ref }}
  cancel-in-progress: false

jobs:
  patch-and-verify:
    runs-on: ubuntu-24.04
    timeout-minutes: 20
    steps:
      - name: Harden runner
        uses: step-security/harden-runner@bf7454d06d71f1098171f2acdf0cd4708d7b5920 # v2.20.0
        with:
          egress-policy: audit
      - name: Check out the source branch
        uses: actions/checkout@3d3c42e5aac5ba805825da76410c181273ba90b1 # v7.0.1
        with:
          ref: supply-chain/hash-locked-ci
          fetch-depth: 1
          persist-credentials: false
      - name: Set up Python
        uses: actions/setup-python@5fda3b95a4ea91299a34e894583c3862153e4b97 # v7.0.0
        with:
          python-version: "3.13"
          cache: pip
          cache-dependency-path: requirements/ci.lock
      - name: Apply exact reviewed replacements
        run: |
          python - <<'PY'
          from pathlib import Path

          def replace_exact(path_text: str, old: str, new: str, count: int = 1) -> None:
              path = Path(path_text)
              text = path.read_text(encoding="utf-8")
              observed = text.count(old)
              if observed != count:
                  raise SystemExit(
                      f"{path}: expected {count} exact occurrence(s), found {observed}"
                  )
              path.write_text(text.replace(old, new), encoding="utf-8")

          hourly = ".github/workflows/hourly-product-development.yml"
          replace_exact(
              hourly,
              "cache-dependency-path: pyproject.toml",
              "cache-dependency-path: requirements/ci.lock",
              count=2,
          )
          replace_exact(
              hourly,
              '''          agent_venv="${RUNNER_TEMP}/threadweave-agent-venv"
          python -m venv "$agent_venv"
          "$agent_venv/bin/python" -m pip install --upgrade pip
          "$agent_venv/bin/python" -m pip install \\
            -e ".[test]" \\
            "ruff==0.15.20" \\
            build
''',
              '''          agent_venv="${RUNNER_TEMP}/threadweave-agent-venv"
          python -m venv "$agent_venv"
          "$agent_venv/bin/python" -m pip install \\
            --require-hashes \\
            -r requirements/ci.lock
''',
          )
          replace_exact(
              hourly,
              '''          python -m pip install --upgrade pip
          python -m pip install -e ".[test]" "ruff==0.15.20" build
''',
              '''          python -m pip install \\
            --require-hashes \\
            -r requirements/ci.lock
''',
          )
          replace_exact(
              hourly,
              "          python -m build\n",
              "          python -m build --no-isolation\n",
          )
          replace_exact(
              hourly,
              '''          temp_dir="$(mktemp -d)"
          python -m pip install --force-reinstall dist/*.whl
          (
''',
              '''          temp_dir="$(mktemp -d)"
          wheel_path="$(realpath "$(find dist -maxdepth 1 -name '*.whl' -print -quit)")"
          wheel_sha="$(sha256sum "$wheel_path" | awk '{print $1}')"
          wheel_requirements="$RUNNER_TEMP/threadweave-wheel.txt"
          printf 'threadweave @ file://%s \\\n    --hash=sha256:%s\\n' \\
            "$wheel_path" "$wheel_sha" >"$wheel_requirements"
          python -m pip install \\
            --require-hashes \\
            --no-deps \\
            --no-index \\
            --force-reinstall \\
            -r "$wheel_requirements"
          (
''',
          )

          tests_path = Path("tests/test_workflows.py")
          tests = tests_path.read_text(encoding="utf-8")
          start = tests.index(
              "def test_reverification_runs_the_complete_product_quality_gate():"
          )
          end = tests.index(
              "def test_ci_overrides_package_only_coverage_source_for_autonomous_scripts():"
          )
          replacement = '''def test_reverification_runs_the_complete_product_quality_gate():
    """A fresh credential-free job proves the locked patch before publication."""
    workflow = _workflow("hourly-product-development.yml")

    assert "Set up independent Python verification" in workflow
    assert workflow.count(
        "python -m pip install \\\\n            --require-hashes \\\\n            -r requirements/ci.lock"
    ) >= 2
    assert "python -m build --no-isolation" in workflow
    assert "wheel_requirements=" in workflow
    assert "--no-index" in workflow
    assert "PIP_NO_INDEX=1" in workflow
    assert "ruff check ." in workflow
    assert "coverage run -m pytest -q" in workflow
    assert "coverage report" in workflow
    assert "python -m pip check" in workflow
    assert "git diff --check" in workflow
    assert "pip install --upgrade pip" not in workflow
    assert "pip install -e" not in workflow


def test_ci_regenerates_and_installs_only_the_reviewed_hash_lock():
    """Repository CI rejects stale locks and unhashed package installations."""
    workflow = _workflow("ci.yml")

    assert "lock-integrity:" in workflow
    assert (
        "astral-sh/setup-uv@11f9893b081a58869d3b5fccaea48c9e9e46f990"
        in workflow
    )
    assert 'version: "0.11.29"' in workflow
    assert "bash scripts/ci/compile_ci_lock.sh" in workflow
    assert "cmp --silent requirements/ci.lock" in workflow
    assert workflow.count(
        "python -m pip install --require-hashes -r requirements/ci.lock"
    ) == 2
    assert "python -m build --no-isolation" in workflow
    assert "wheel_sha=" in workflow
    assert "--no-index" in workflow
    assert "pip install --upgrade pip" not in workflow
    assert "pip install -e" not in workflow


'''
          tests_path.write_text(tests[:start] + replacement + tests[end:], encoding="utf-8")

          readme_path = Path("README.md")
          readme = readme_path.read_text(encoding="utf-8")
          marker = "## Autonomous maintenance\n"
          if readme.count(marker) != 1:
              raise SystemExit("README autonomous-maintenance marker changed")
          supply_chain = '''## Reproducible CI supply chain

ThreadWeave keeps its runtime dependency-free, but treats test and build tools as
executable supply-chain inputs. `requirements/ci.in` records exact direct intent;
a pinned uv compiler generates the universal `requirements/ci.lock` with
transitive SHA-256 hashes for Python 3.10-3.13. CI regenerates the lock and
requires a byte-for-byte match before installing it with pip hash-checking mode.
Builds run without isolation because the reviewed Hatchling backend is already
installed from that lock. See [`docs/supply-chain.md`](docs/supply-chain.md) for
the refresh procedure, reviewer checklist, and rollback contract.

'''
          readme_path.write_text(
              readme.replace(marker, supply_chain + marker), encoding="utf-8"
          )

          agents_path = Path("AGENTS.md")
          agents = agents_path.read_text(encoding="utf-8")
          old_verify = '''```bash
python -m pip install -e ".[test]" ruff build
ruff check .
python -m compileall -q src tests
python -m doctest \\
  src/threadweave/collation.py \\
  src/threadweave/dates.py \\
  src/threadweave/headers.py \\
  src/threadweave/subject.py
coverage run -m pytest -q
coverage report
python -m build
python -m pip check
```
'''
          new_verify = '''```bash
python -m pip install --require-hashes -r requirements/ci.lock
ruff check .
python -m compileall -q src tests scripts
python -m doctest \\
  src/threadweave/collation.py \\
  src/threadweave/dates.py \\
  src/threadweave/headers.py \\
  src/threadweave/subject.py
coverage run -m pytest -q
coverage report
python -m build --no-isolation
python -m pip check
```

Regenerate dependency policy only through `scripts/ci/compile_ci_lock.sh` with
uv 0.11.29, then review the complete lock diff and follow
[`docs/supply-chain.md`](docs/supply-chain.md). Never bypass a hash mismatch by
adding an unhashed install or re-enabling isolated build resolution.
'''
          if agents.count(old_verify) != 1:
              raise SystemExit("AGENTS verification block changed")
          agents_path.write_text(agents.replace(old_verify, new_verify), encoding="utf-8")

          changelog_path = Path("CHANGELOG.md")
          changelog = changelog_path.read_text(encoding="utf-8")
          changelog_marker = "## Unreleased\n\n"
          if changelog.count(changelog_marker) != 1:
              raise SystemExit("CHANGELOG Unreleased marker changed")
          entry = (
              "- Hash-lock every CI, test, lint, coverage, and build dependency, "
              "regenerate the universal lock byte-for-byte with a pinned uv compiler, "
              "and reuse the same reviewed toolchain in autonomous verification.\n"
          )
          changelog_path.write_text(
              changelog.replace(changelog_marker, changelog_marker + entry),
              encoding="utf-8",
          )
          PY
      - name: Install the reviewed lock
        run: python -m pip install --require-hashes -r requirements/ci.lock
      - name: Verify the migration
        env:
          PYTHONPATH: src
        run: |
          set -euo pipefail
          ruff check .
          python -m compileall -q src tests scripts
          pytest -q tests/test_dependency_lock_contract.py tests/test_workflows.py
          pytest -q
          python -m build --no-isolation
          python -m pip check
          git diff --check
      - name: Commit the verified migration and remove temporary workflows
        env:
          GH_TOKEN: ${{ github.token }}
        run: |
          set -euo pipefail
          rm -f \
            .github/workflows/bootstrap-ci-lock.yml \
            .github/workflows/patch-hash-lock.yml
          git config user.name "github-actions[bot]"
          git config user.email "41898282+github-actions[bot]@users.noreply.github.com"
          git add -A
          git commit -m "build: enforce the reviewed hash lock everywhere"
          git push \
            "https://x-access-token:${GH_TOKEN}@github.com/${GITHUB_REPOSITORY}.git" \
            "HEAD:${GITHUB_REF}"
